
Microsoft Visual Studio Solution File, Format Version 12.00
# Visual Studio Version 17
VisualStudioVersion = 17.10.35122.118
MinimumVisualStudioVersion = 10.0.40219.1
Project("{9A19103F-16F7-4668-BE54-9A1E7A4F7556}") = "1.PrintingNumbers", "PrintingNumbers\1.PrintingNumbers.csproj", "{248601BE-1014-4705-8089-A510D4F9DF03}"
EndProject
Project("{9A19103F-16F7-4668-BE54-9A1E7A4F7556}") = "2.Palindrome", "Palindrome\2.Palindrome.csproj", "{302DC413-BF97-4A1E-8FFA-5A4668793650}"
EndProject
Project("{9A19103F-16F7-4668-BE54-9A1E7A4F7556}") = "3.LibraryManagementSystem", "LibraryManagementSystem\3.LibraryManagementSystem.csproj", "{7E912437-A047-4362-B94A-FD2E00FAA5A8}"
EndProject
Project("{9A19103F-16F7-4668-BE54-9A1E7A4F7556}") = "5.FindAndReplace", "FindAndReplace\5.FindAndReplace.csproj", "{15B4D3F2-C9AE-49D0-BEFD-7FBBB8066A0C}"
EndProject
Project("{9A19103F-16F7-4668-BE54-9A1E7A4F7556}") = "4.Hangman", "Hangman\4.Hangman.csproj", "{156F97A4-BB43-43D0-B7D7-71575D2BF4FB}"
EndProject
Project("{FAE04EC0-301F-11D3-BF4B-00C04F79EFBC}") = "6.ContactManagementSystem", "ContactManagementSystem\6.ContactManagementSystem.csproj", "{3184ACBC-96CD-43F0-BBD7-F2297D61180B}"
EndProject
Project("{FAE04EC0-301F-11D3-BF4B-00C04F79EFBC}") = "7.StudentGradeSystem", "7.StudentGradeSystem\7.StudentGradeSystem.csproj", "{43604FA7-17B7-4906-A60E-6A0CC7BE5A49}"
EndProject
Project("{FAE04EC0-301F-11D3-BF4B-00C04F79EFBC}") = "RemovingDublicates", "RemovingDublicates\RemovingDublicates.csproj", "{E49B0F0E-CC60-44A7-9676-63EC3AA4DA8A}"
EndProject
Project("{FAE04EC0-301F-11D3-BF4B-00C04F79EFBC}") = "MergeTwoList", "MergeTwoList\MergeTwoList.csproj", "{FCD56705-0148-41BF-A6F2-B794F3FE39DF}"
EndProject
Global
	GlobalSection(SolutionConfigurationPlatforms) = preSolution
		Debug|Any CPU = Debug|Any CPU
		Release|Any CPU = Release|Any CPU
	EndGlobalSection
	GlobalSection(ProjectConfigurationPlatforms) = postSolution
		{248601BE-1014-4705-8089-A510D4F9DF03}.Debug|Any CPU.ActiveCfg = Debug|Any CPU
		{248601BE-1014-4705-8089-A510D4F9DF03}.Debug|Any CPU.Build.0 = Debug|Any CPU
		{248601BE-1014-4705-8089-A510D4F9DF03}.Release|Any CPU.ActiveCfg = Release|Any CPU
		{248601BE-1014-4705-8089-A510D4F9DF03}.Release|Any CPU.Build.0 = Release|Any CPU
		{302DC413-BF97-4A1E-8FFA-5A4668793650}.Debug|Any CPU.ActiveCfg = Debug|Any CPU
		{302DC413-BF97-4A1E-8FFA-5A4668793650}.Debug|Any CPU.Build.0 = Debug|Any CPU
		{302DC413-BF97-4A1E-8FFA-5A4668793650}.Release|Any CPU.ActiveCfg = Release|Any CPU
		{302DC413-BF97-4A1E-8FFA-5A4668793650}.Release|Any CPU.Build.0 = Release|Any CPU
		{7E912437-A047-4362-B94A-FD2E00FAA5A8}.Debug|Any CPU.ActiveCfg = Debug|Any CPU
		{7E912437-A047-4362-B94A-FD2E00FAA5A8}.Debug|Any CPU.Build.0 = Debug|Any CPU
		{7E912437-A047-4362-B94A-FD2E00FAA5A8}.Release|Any CPU.ActiveCfg = Release|Any CPU
		{7E912437-A047-4362-B94A-FD2E00FAA5A8}.Release|Any CPU.Build.0 = Release|Any CPU
		{15B4D3F2-C9AE-49D0-BEFD-7FBBB8066A0C}.Debug|Any CPU.ActiveCfg = Debug|Any CPU
		{15B4D3F2-C9AE-49D0-BEFD-7FBBB8066A0C}.Debug|Any CPU.Build.0 = Debug|Any CPU
		{15B4D3F2-C9AE-49D0-BEFD-7FBBB8066A0C}.Release|Any CPU.ActiveCfg = Release|Any CPU
		{15B4D3F2-C9AE-49D0-BEFD-7FBBB8066A0C}.Release|Any CPU.Build.0 = Release|Any CPU
		{156F97A4-BB43-43D0-B7D7-71575D2BF4FB}.Debug|Any CPU.ActiveCfg = Debug|Any CPU
		{156F97A4-BB43-43D0-B7D7-71575D2BF4FB}.Debug|Any CPU.Build.0 = Debug|Any CPU
		{156F97A4-BB43-43D0-B7D7-71575D2BF4FB}.Release|Any CPU.ActiveCfg = Release|Any CPU
		{156F97A4-BB43-43D0-B7D7-71575D2BF4FB}.Release|Any CPU.Build.0 = Release|Any CPU
		{3184ACBC-96CD-43F0-BBD7-F2297D61180B}.Debug|Any CPU.ActiveCfg = Debug|Any CPU
		{3184ACBC-96CD-43F0-BBD7-F2297D61180B}.Debug|Any CPU.Build.0 = Debug|Any CPU
		{3184ACBC-96CD-43F0-BBD7-F2297D61180B}.Release|Any CPU.ActiveCfg = Release|Any CPU
		{3184ACBC-96CD-43F0-BBD7-F2297D61180B}.Release|Any CPU.Build.0 = Release|Any CPU
		{43604FA7-17B7-4906-A60E-6A0CC7BE5A49}.Debug|Any CPU.ActiveCfg = Debug|Any CPU
		{43604FA7-17B7-4906-A60E-6A0CC7BE5A49}.Debug|Any CPU.Build.0 = Debug|Any CPU
		{43604FA7-17B7-4906-A60E-6A0CC7BE5A49}.Release|Any CPU.ActiveCfg = Release|Any CPU
		{43604FA7-17B7-4906-A60E-6A0CC7BE5A49}.Release|Any CPU.Build.0 = Release|Any CPU
		{E49B0F0E-CC60-44A7-9676-63EC3AA4DA8A}.Debug|Any CPU.ActiveCfg = Debug|Any CPU
		{E49B0F0E-CC60-44A7-9676-63EC3AA4DA8A}.Debug|Any CPU.Build.0 = Debug|Any CPU
		{E49B0F0E-CC60-44A7-9676-63EC3AA4DA8A}.Release|Any CPU.ActiveCfg = Release|Any CPU
		{E49B0F0E-CC60-44A7-9676-63EC3AA4DA8A}.Release|Any CPU.Build.0 = Release|Any CPU
		{FCD56705-0148-41BF-A6F2-B794F3FE39DF}.Debug|Any CPU.ActiveCfg = Debug|Any CPU
		{FCD56705-0148-41BF-A6F2-B794F3FE39DF}.Debug|Any CPU.Build.0 = Debug|Any CPU
		{FCD56705-0148-41BF-A6F2-B794F3FE39DF}.Release|Any CPU.ActiveCfg = Release|Any CPU
		{FCD56705-0148-41BF-A6F2-B794F3FE39DF}.Release|Any CPU.Build.0 = Release|Any CPU
	EndGlobalSection
	GlobalSection(SolutionProperties) = preSolution
		HideSolutionNode = FALSE
	EndGlobalSection
	GlobalSection(ExtensibilityGlobals) = postSolution
		SolutionGuid = {794FEC3F-4505-4DC8-A69E-BF0273CAE70F}
	EndGlobalSection
EndGlobal
