
Microsoft Visual Studio Solution File, Format Version 12.00
# Visual Studio Version 17
VisualStudioVersion = 17.10.35122.118
MinimumVisualStudioVersion = 10.0.40219.1
Project("{9A19103F-16F7-4668-BE54-9A1E7A4F7556}") = "PrintingNumbers", "PrintingNumbers\PrintingNumbers.csproj", "{248601BE-1014-4705-8089-A510D4F9DF03}"
EndProject
Project("{FAE04EC0-301F-11D3-BF4B-00C04F79EFBC}") = "Palindrome", "Palindrome\Palindrome.csproj", "{302DC413-BF97-4A1E-8FFA-5A4668793650}"
EndProject
Global
	GlobalSection(SolutionConfigurationPlatforms) = preSolution
		Debug|Any CPU = Debug|Any CPU
		Release|Any CPU = Release|Any CPU
	EndGlobalSection
	GlobalSection(ProjectConfigurationPlatforms) = postSolution
		{248601BE-1014-4705-8089-A510D4F9DF03}.Debug|Any CPU.ActiveCfg = Debug|Any CPU
		{248601BE-1014-4705-8089-A510D4F9DF03}.Debug|Any CPU.Build.0 = Debug|Any CPU
		{248601BE-1014-4705-8089-A510D4F9DF03}.Release|Any CPU.ActiveCfg = Release|Any CPU
		{248601BE-1014-4705-8089-A510D4F9DF03}.Release|Any CPU.Build.0 = Release|Any CPU
		{302DC413-BF97-4A1E-8FFA-5A4668793650}.Debug|Any CPU.ActiveCfg = Debug|Any CPU
		{302DC413-BF97-4A1E-8FFA-5A4668793650}.Debug|Any CPU.Build.0 = Debug|Any CPU
		{302DC413-BF97-4A1E-8FFA-5A4668793650}.Release|Any CPU.ActiveCfg = Release|Any CPU
		{302DC413-BF97-4A1E-8FFA-5A4668793650}.Release|Any CPU.Build.0 = Release|Any CPU
	EndGlobalSection
	GlobalSection(SolutionProperties) = preSolution
		HideSolutionNode = FALSE
	EndGlobalSection
	GlobalSection(ExtensibilityGlobals) = postSolution
		SolutionGuid = {794FEC3F-4505-4DC8-A69E-BF0273CAE70F}
	EndGlobalSection
EndGlobal
